
Microsoft Visual Studio Solution File, Format Version 12.00
# Visual Studio Version 17
VisualStudioVersion = 17.4.33110.190
MinimumVisualStudioVersion = 10.0.40219.1
Project("{FAE04EC0-301F-11D3-BF4B-00C04F79EFBC}") = "maio7", "maio7\maio7.csproj", "{13785593-EC8B-4B01-984A-2872EBE26092}"
EndProject
Global
	GlobalSection(SolutionConfigurationPlatforms) = preSolution
		Debug|Any CPU = Debug|Any CPU
		Release|Any CPU = Release|Any CPU
	EndGlobalSection
	GlobalSection(ProjectConfigurationPlatforms) = postSolution
		{13785593-EC8B-4B01-984A-2872EBE26092}.Debug|Any CPU.ActiveCfg = Debug|Any CPU
		{13785593-EC8B-4B01-984A-2872EBE26092}.Debug|Any CPU.Build.0 = Debug|Any CPU
		{13785593-EC8B-4B01-984A-2872EBE26092}.Release|Any CPU.ActiveCfg = Release|Any CPU
		{13785593-EC8B-4B01-984A-2872EBE26092}.Release|Any CPU.Build.0 = Release|Any CPU
	EndGlobalSection
	GlobalSection(SolutionProperties) = preSolution
		HideSolutionNode = FALSE
	EndGlobalSection
	GlobalSection(ExtensibilityGlobals) = postSolution
		SolutionGuid = {43D9ED4E-573B-4E8C-AC05-B4BDCA644342}
	EndGlobalSection
EndGlobal
